// !$*UTF8*$!
{
	archiveVersion = 1;
	classes = {
	};
	objectVersion = 50;
	objects = {

/* Begin PBXBuildFile section */
		0040B1FD26F08A2C002B853D /* WJSON.swift in Sources */ = {isa = PBXBuildFile; fileRef = 0040B1FC26F08A2C002B853D /* WJSON.swift */; };
		0040B20126F08A47002B853D /* DBSQL.swift in Sources */ = {isa = PBXBuildFile; fileRef = 0040B20026F08A47002B853D /* DBSQL.swift */; };
		0073952927001246000AB73E /* JSONWrapper.swift in Sources */ = {isa = PBXBuildFile; fileRef = 0073952827001246000AB73E /* JSONWrapper.swift */; };
		0073952B27001252000AB73E /* DBWrapper.swift in Sources */ = {isa = PBXBuildFile; fileRef = 0073952A27001252000AB73E /* DBWrapper.swift */; };
		0073952D2700126E000AB73E /* MemoryWrapper.swift in Sources */ = {isa = PBXBuildFile; fileRef = 0073952C2700126E000AB73E /* MemoryWrapper.swift */; };
		009EE08926AFED5F00365999 /* AppDelegate.swift in Sources */ = {isa = PBXBuildFile; fileRef = 009EE08826AFED5F00365999 /* AppDelegate.swift */; };
		009EE08B26AFED5F00365999 /* SceneDelegate.swift in Sources */ = {isa = PBXBuildFile; fileRef = 009EE08A26AFED5F00365999 /* SceneDelegate.swift */; };
		009EE08D26AFED5F00365999 /* ViewController.swift in Sources */ = {isa = PBXBuildFile; fileRef = 009EE08C26AFED5F00365999 /* ViewController.swift */; };
		009EE09026AFED5F00365999 /* Main.storyboard in Resources */ = {isa = PBXBuildFile; fileRef = 009EE08E26AFED5F00365999 /* Main.storyboard */; };
		009EE09226AFED6200365999 /* Assets.xcassets in Resources */ = {isa = PBXBuildFile; fileRef = 009EE09126AFED6200365999 /* Assets.xcassets */; };
		009EE09526AFED6200365999 /* LaunchScreen.storyboard in Resources */ = {isa = PBXBuildFile; fileRef = 009EE09326AFED6200365999 /* LaunchScreen.storyboard */; };
		009EE0A026AFED6200365999 /* TestTests.swift in Sources */ = {isa = PBXBuildFile; fileRef = 009EE09F26AFED6200365999 /* TestTests.swift */; };
		009EE0AB26AFED6200365999 /* TestUITests.swift in Sources */ = {isa = PBXBuildFile; fileRef = 009EE0AA26AFED6200365999 /* TestUITests.swift */; };
		00BAA942271139A1003EDE76 /* Coroutine.swift in Sources */ = {isa = PBXBuildFile; fileRef = 00BAA941271139A1003EDE76 /* Coroutine.swift */; };
/* End PBXBuildFile section */

/* Begin PBXContainerItemProxy section */
		009EE09C26AFED6200365999 /* PBXContainerItemProxy */ = {
			isa = PBXContainerItemProxy;
			containerPortal = 009EE07D26AFED5F00365999 /* Project object */;
			proxyType = 1;
			remoteGlobalIDString = 009EE08426AFED5F00365999;
			remoteInfo = Test;
		};
		009EE0A726AFED6200365999 /* PBXContainerItemProxy */ = {
			isa = PBXContainerItemProxy;
			containerPortal = 009EE07D26AFED5F00365999 /* Project object */;
			proxyType = 1;
			remoteGlobalIDString = 009EE08426AFED5F00365999;
			remoteInfo = Test;
		};
/* End PBXContainerItemProxy section */

/* Begin PBXFileReference section */
		0040B1FC26F08A2C002B853D /* WJSON.swift */ = {isa = PBXFileReference; lastKnownFileType = sourcecode.swift; path = WJSON.swift; sourceTree = "<group>"; };
		0040B20026F08A47002B853D /* DBSQL.swift */ = {isa = PBXFileReference; lastKnownFileType = sourcecode.swift; path = DBSQL.swift; sourceTree = "<group>"; };
		0073952827001246000AB73E /* JSONWrapper.swift */ = {isa = PBXFileReference; lastKnownFileType = sourcecode.swift; path = JSONWrapper.swift; sourceTree = "<group>"; };
		0073952A27001252000AB73E /* DBWrapper.swift */ = {isa = PBXFileReference; lastKnownFileType = sourcecode.swift; path = DBWrapper.swift; sourceTree = "<group>"; };
		0073952C2700126E000AB73E /* MemoryWrapper.swift */ = {isa = PBXFileReference; lastKnownFileType = sourcecode.swift; path = MemoryWrapper.swift; sourceTree = "<group>"; };
		009EE08526AFED5F00365999 /* Test.app */ = {isa = PBXFileReference; explicitFileType = wrapper.application; includeInIndex = 0; path = Test.app; sourceTree = BUILT_PRODUCTS_DIR; };
		009EE08826AFED5F00365999 /* AppDelegate.swift */ = {isa = PBXFileReference; lastKnownFileType = sourcecode.swift; path = AppDelegate.swift; sourceTree = "<group>"; };
		009EE08A26AFED5F00365999 /* SceneDelegate.swift */ = {isa = PBXFileReference; lastKnownFileType = sourcecode.swift; path = SceneDelegate.swift; sourceTree = "<group>"; };
		009EE08C26AFED5F00365999 /* ViewController.swift */ = {isa = PBXFileReference; lastKnownFileType = sourcecode.swift; path = ViewController.swift; sourceTree = "<group>"; };
		009EE08F26AFED5F00365999 /* Base */ = {isa = PBXFileReference; lastKnownFileType = file.storyboard; name = Base; path = Base.lproj/Main.storyboard; sourceTree = "<group>"; };
		009EE09126AFED6200365999 /* Assets.xcassets */ = {isa = PBXFileReference; lastKnownFileType = folder.assetcatalog; path = Assets.xcassets; sourceTree = "<group>"; };
		009EE09426AFED6200365999 /* Base */ = {isa = PBXFileReference; lastKnownFileType = file.storyboard; name = Base; path = Base.lproj/LaunchScreen.storyboard; sourceTree = "<group>"; };
		009EE09626AFED6200365999 /* Info.plist */ = {isa = PBXFileReference; lastKnownFileType = text.plist.xml; path = Info.plist; sourceTree = "<group>"; };
		009EE09B26AFED6200365999 /* TestTests.xctest */ = {isa = PBXFileReference; explicitFileType = wrapper.cfbundle; includeInIndex = 0; path = TestTests.xctest; sourceTree = BUILT_PRODUCTS_DIR; };
		009EE09F26AFED6200365999 /* TestTests.swift */ = {isa = PBXFileReference; lastKnownFileType = sourcecode.swift; path = TestTests.swift; sourceTree = "<group>"; };
		009EE0A126AFED6200365999 /* Info.plist */ = {isa = PBXFileReference; lastKnownFileType = text.plist.xml; path = Info.plist; sourceTree = "<group>"; };
		009EE0A626AFED6200365999 /* TestUITests.xctest */ = {isa = PBXFileReference; explicitFileType = wrapper.cfbundle; includeInIndex = 0; path = TestUITests.xctest; sourceTree = BUILT_PRODUCTS_DIR; };
		009EE0AA26AFED6200365999 /* TestUITests.swift */ = {isa = PBXFileReference; lastKnownFileType = sourcecode.swift; path = TestUITests.swift; sourceTree = "<group>"; };
		009EE0AC26AFED6200365999 /* Info.plist */ = {isa = PBXFileReference; lastKnownFileType = text.plist.xml; path = Info.plist; sourceTree = "<group>"; };
		00BAA941271139A1003EDE76 /* Coroutine.swift */ = {isa = PBXFileReference; lastKnownFileType = sourcecode.swift; path = Coroutine.swift; sourceTree = "<group>"; };
/* End PBXFileReference section */

/* Begin PBXFrameworksBuildPhase section */
		009EE08226AFED5F00365999 /* Frameworks */ = {
			isa = PBXFrameworksBuildPhase;
			buildActionMask = 2147483647;
			files = (
			);
			runOnlyForDeploymentPostprocessing = 0;
		};
		009EE09826AFED6200365999 /* Frameworks */ = {
			isa = PBXFrameworksBuildPhase;
			buildActionMask = 2147483647;
			files = (
			);
			runOnlyForDeploymentPostprocessing = 0;
		};
		009EE0A326AFED6200365999 /* Frameworks */ = {
			isa = PBXFrameworksBuildPhase;
			buildActionMask = 2147483647;
			files = (
			);
			runOnlyForDeploymentPostprocessing = 0;
		};
/* End PBXFrameworksBuildPhase section */

/* Begin PBXGroup section */
		009EE07C26AFED5F00365999 = {
			isa = PBXGroup;
			children = (
				009EE08726AFED5F00365999 /* Test */,
				009EE09E26AFED6200365999 /* TestTests */,
				009EE0A926AFED6200365999 /* TestUITests */,
				009EE08626AFED5F00365999 /* Products */,
			);
			sourceTree = "<group>";
		};
		009EE08626AFED5F00365999 /* Products */ = {
			isa = PBXGroup;
			children = (
				009EE08526AFED5F00365999 /* Test.app */,
				009EE09B26AFED6200365999 /* TestTests.xctest */,
				009EE0A626AFED6200365999 /* TestUITests.xctest */,
			);
			name = Products;
			sourceTree = "<group>";
		};
		009EE08726AFED5F00365999 /* Test */ = {
			isa = PBXGroup;
			children = (
				009EE08826AFED5F00365999 /* AppDelegate.swift */,
				009EE08A26AFED5F00365999 /* SceneDelegate.swift */,
				009EE08C26AFED5F00365999 /* ViewController.swift */,
				0073952827001246000AB73E /* JSONWrapper.swift */,
				0073952C2700126E000AB73E /* MemoryWrapper.swift */,
				0073952A27001252000AB73E /* DBWrapper.swift */,
				0040B20026F08A47002B853D /* DBSQL.swift */,
				0040B1FC26F08A2C002B853D /* WJSON.swift */,
				00BAA941271139A1003EDE76 /* Coroutine.swift */,
				009EE08E26AFED5F00365999 /* Main.storyboard */,
				009EE09126AFED6200365999 /* Assets.xcassets */,
				009EE09326AFED6200365999 /* LaunchScreen.storyboard */,
				009EE09626AFED6200365999 /* Info.plist */,
			);
			path = Test;
			sourceTree = "<group>";
		};
		009EE09E26AFED6200365999 /* TestTests */ = {
			isa = PBXGroup;
			children = (
				009EE09F26AFED6200365999 /* TestTests.swift */,
				009EE0A126AFED6200365999 /* Info.plist */,
			);
			path = TestTests;
			sourceTree = "<group>";
		};
		009EE0A926AFED6200365999 /* TestUITests */ = {
			isa = PBXGroup;
			children = (
				009EE0AA26AFED6200365999 /* TestUITests.swift */,
				009EE0AC26AFED6200365999 /* Info.plist */,
			);
			path = TestUITests;
			sourceTree = "<group>";
		};
/* End PBXGroup section */

/* Begin PBXNativeTarget section */
		009EE08426AFED5F00365999 /* Test */ = {
			isa = PBXNativeTarget;
			buildConfigurationList = 009EE0AF26AFED6200365999 /* Build configuration list for PBXNativeTarget "Test" */;
			buildPhases = (
				009EE08126AFED5F00365999 /* Sources */,
				009EE08226AFED5F00365999 /* Frameworks */,
				009EE08326AFED5F00365999 /* Resources */,
			);
			buildRules = (
			);
			dependencies = (
			);
			name = Test;
			productName = Test;
			productReference = 009EE08526AFED5F00365999 /* Test.app */;
			productType = "com.apple.product-type.application";
		};
		009EE09A26AFED6200365999 /* TestTests */ = {
			isa = PBXNativeTarget;
			buildConfigurationList = 009EE0B226AFED6200365999 /* Build configuration list for PBXNativeTarget "TestTests" */;
			buildPhases = (
				009EE09726AFED6200365999 /* Sources */,
				009EE09826AFED6200365999 /* Frameworks */,
				009EE09926AFED6200365999 /* Resources */,
			);
			buildRules = (
			);
			dependencies = (
				009EE09D26AFED6200365999 /* PBXTargetDependency */,
			);
			name = TestTests;
			productName = TestTests;
			productReference = 009EE09B26AFED6200365999 /* TestTests.xctest */;
			productType = "com.apple.product-type.bundle.unit-test";
		};
		009EE0A526AFED6200365999 /* TestUITests */ = {
			isa = PBXNativeTarget;
			buildConfigurationList = 009EE0B526AFED6200365999 /* Build configuration list for PBXNativeTarget "TestUITests" */;
			buildPhases = (
				009EE0A226AFED6200365999 /* Sources */,
				009EE0A326AFED6200365999 /* Frameworks */,
				009EE0A426AFED6200365999 /* Resources */,
			);
			buildRules = (
			);
			dependencies = (
				009EE0A826AFED6200365999 /* PBXTargetDependency */,
			);
			name = TestUITests;
			productName = TestUITests;
			productReference = 009EE0A626AFED6200365999 /* TestUITests.xctest */;
			productType = "com.apple.product-type.bundle.ui-testing";
		};
/* End PBXNativeTarget section */

/* Begin PBXProject section */
		009EE07D26AFED5F00365999 /* Project object */ = {
			isa = PBXProject;
			attributes = {
				LastSwiftUpdateCheck = 1250;
				LastUpgradeCheck = 1250;
				TargetAttributes = {
					009EE08426AFED5F00365999 = {
						CreatedOnToolsVersion = 12.5.1;
						LastSwiftMigration = 1250;
					};
					009EE09A26AFED6200365999 = {
						CreatedOnToolsVersion = 12.5.1;
						TestTargetID = 009EE08426AFED5F00365999;
					};
					009EE0A526AFED6200365999 = {
						CreatedOnToolsVersion = 12.5.1;
						TestTargetID = 009EE08426AFED5F00365999;
					};
				};
			};
			buildConfigurationList = 009EE08026AFED5F00365999 /* Build configuration list for PBXProject "Test" */;
			compatibilityVersion = "Xcode 9.3";
			developmentRegion = en;
			hasScannedForEncodings = 0;
			knownRegions = (
				en,
				Base,
			);
			mainGroup = 009EE07C26AFED5F00365999;
			productRefGroup = 009EE08626AFED5F00365999 /* Products */;
			projectDirPath = "";
			projectRoot = "";
			targets = (
				009EE08426AFED5F00365999 /* Test */,
				009EE09A26AFED6200365999 /* TestTests */,
				009EE0A526AFED6200365999 /* TestUITests */,
			);
		};
/* End PBXProject section */

/* Begin PBXResourcesBuildPhase section */
		009EE08326AFED5F00365999 /* Resources */ = {
			isa = PBXResourcesBuildPhase;
			buildActionMask = 2147483647;
			files = (
				009EE09526AFED6200365999 /* LaunchScreen.storyboard in Resources */,
				009EE09226AFED6200365999 /* Assets.xcassets in Resources */,
				009EE09026AFED5F00365999 /* Main.storyboard in Resources */,
			);
			runOnlyForDeploymentPostprocessing = 0;
		};
		009EE09926AFED6200365999 /* Resources */ = {
			isa = PBXResourcesBuildPhase;
			buildActionMask = 2147483647;
			files = (
			);
			runOnlyForDeploymentPostprocessing = 0;
		};
		009EE0A426AFED6200365999 /* Resources */ = {
			isa = PBXResourcesBuildPhase;
			buildActionMask = 2147483647;
			files = (
			);
			runOnlyForDeploymentPostprocessing = 0;
		};
/* End PBXResourcesBuildPhase section */

/* Begin PBXSourcesBuildPhase section */
		009EE08126AFED5F00365999 /* Sources */ = {
			isa = PBXSourcesBuildPhase;
			buildActionMask = 2147483647;
			files = (
				009EE08D26AFED5F00365999 /* ViewController.swift in Sources */,
				0073952D2700126E000AB73E /* MemoryWrapper.swift in Sources */,
				0040B1FD26F08A2C002B853D /* WJSON.swift in Sources */,
				0073952B27001252000AB73E /* DBWrapper.swift in Sources */,
				0073952927001246000AB73E /* JSONWrapper.swift in Sources */,
				009EE08926AFED5F00365999 /* AppDelegate.swift in Sources */,
				00BAA942271139A1003EDE76 /* Coroutine.swift in Sources */,
				009EE08B26AFED5F00365999 /* SceneDelegate.swift in Sources */,
				0040B20126F08A47002B853D /* DBSQL.swift in Sources */,
			);
			runOnlyForDeploymentPostprocessing = 0;
		};
		009EE09726AFED6200365999 /* Sources */ = {
			isa = PBXSourcesBuildPhase;
			buildActionMask = 2147483647;
			files = (
				009EE0A026AFED6200365999 /* TestTests.swift in Sources */,
			);
			runOnlyForDeploymentPostprocessing = 0;
		};
		009EE0A226AFED6200365999 /* Sources */ = {
			isa = PBXSourcesBuildPhase;
			buildActionMask = 2147483647;
			files = (
				009EE0AB26AFED6200365999 /* TestUITests.swift in Sources */,
			);
			runOnlyForDeploymentPostprocessing = 0;
		};
/* End PBXSourcesBuildPhase section */

/* Begin PBXTargetDependency section */
		009EE09D26AFED6200365999 /* PBXTargetDependency */ = {
			isa = PBXTargetDependency;
			target = 009EE08426AFED5F00365999 /* Test */;
			targetProxy = 009EE09C26AFED6200365999 /* PBXContainerItemProxy */;
		};
		009EE0A826AFED6200365999 /* PBXTargetDependency */ = {
			isa = PBXTargetDependency;
			target = 009EE08426AFED5F00365999 /* Test */;
			targetProxy = 009EE0A726AFED6200365999 /* PBXContainerItemProxy */;
		};
/* End PBXTargetDependency section */

/* Begin PBXVariantGroup section */
		009EE08E26AFED5F00365999 /* Main.storyboard */ = {
			isa = PBXVariantGroup;
			children = (
				009EE08F26AFED5F00365999 /* Base */,
			);
			name = Main.storyboard;
			sourceTree = "<group>";
		};
		009EE09326AFED6200365999 /* LaunchScreen.storyboard */ = {
			isa = PBXVariantGroup;
			children = (
				009EE09426AFED6200365999 /* Base */,
			);
			name = LaunchScreen.storyboard;
			sourceTree = "<group>";
		};
/* End PBXVariantGroup section */

/* Begin XCBuildConfiguration section */
		009EE0AD26AFED6200365999 /* Debug */ = {
			isa = XCBuildConfiguration;
			buildSettings = {
				ALWAYS_SEARCH_USER_PATHS = NO;
				CLANG_ANALYZER_NONNULL = YES;
				CLANG_ANALYZER_NUMBER_OBJECT_CONVERSION = YES_AGGRESSIVE;
				CLANG_CXX_LANGUAGE_STANDARD = "gnu++14";
				CLANG_CXX_LIBRARY = "libc++";
				CLANG_ENABLE_MODULES = YES;
				CLANG_ENABLE_OBJC_ARC = YES;
				CLANG_ENABLE_OBJC_WEAK = YES;
				CLANG_WARN_BLOCK_CAPTURE_AUTORELEASING = YES;
				CLANG_WARN_BOOL_CONVERSION = YES;
				CLANG_WARN_COMMA = YES;
				CLANG_WARN_CONSTANT_CONVERSION = YES;
				CLANG_WARN_DEPRECATED_OBJC_IMPLEMENTATIONS = YES;
				CLANG_WARN_DIRECT_OBJC_ISA_USAGE = YES_ERROR;
				CLANG_WARN_DOCUMENTATION_COMMENTS = YES;
				CLANG_WARN_EMPTY_BODY = YES;
				CLANG_WARN_ENUM_CONVERSION = YES;
				CLANG_WARN_INFINITE_RECURSION = YES;
				CLANG_WARN_INT_CONVERSION = YES;
				CLANG_WARN_NON_LITERAL_NULL_CONVERSION = YES;
				CLANG_WARN_OBJC_IMPLICIT_RETAIN_SELF = YES;
				CLANG_WARN_OBJC_LITERAL_CONVERSION = YES;
				CLANG_WARN_OBJC_ROOT_CLASS = YES_ERROR;
				CLANG_WARN_QUOTED_INCLUDE_IN_FRAMEWORK_HEADER = YES;
				CLANG_WARN_RANGE_LOOP_ANALYSIS = YES;
				CLANG_WARN_STRICT_PROTOTYPES = YES;
				CLANG_WARN_SUSPICIOUS_MOVE = YES;
				CLANG_WARN_UNGUARDED_AVAILABILITY = YES_AGGRESSIVE;
				CLANG_WARN_UNREACHABLE_CODE = YES;
				CLANG_WARN__DUPLICATE_METHOD_MATCH = YES;
				COPY_PHASE_STRIP = NO;
				DEBUG_INFORMATION_FORMAT = dwarf;
				ENABLE_STRICT_OBJC_MSGSEND = YES;
				ENABLE_TESTABILITY = YES;
				GCC_C_LANGUAGE_STANDARD = gnu11;
				GCC_DYNAMIC_NO_PIC = NO;
				GCC_NO_COMMON_BLOCKS = YES;
				GCC_OPTIMIZATION_LEVEL = 0;
				GCC_PREPROCESSOR_DEFINITIONS = (
					"DEBUG=1",
					"$(inherited)",
				);
				GCC_WARN_64_TO_32_BIT_CONVERSION = YES;
				GCC_WARN_ABOUT_RETURN_TYPE = YES_ERROR;
				GCC_WARN_UNDECLARED_SELECTOR = YES;
				GCC_WARN_UNINITIALIZED_AUTOS = YES_AGGRESSIVE;
				GCC_WARN_UNUSED_FUNCTION = YES;
				GCC_WARN_UNUSED_VARIABLE = YES;
				IPHONEOS_DEPLOYMENT_TARGET = 14.5;
				MTL_ENABLE_DEBUG_INFO = INCLUDE_SOURCE;
				MTL_FAST_MATH = YES;
				ONLY_ACTIVE_ARCH = YES;
				SDKROOT = iphoneos;
				SWIFT_ACTIVE_COMPILATION_CONDITIONS = DEBUG;
				SWIFT_OPTIMIZATION_LEVEL = "-Onone";
			};
			name = Debug;
		};
		009EE0AE26AFED6200365999 /* Release */ = {
			isa = XCBuildConfiguration;
			buildSettings = {
				ALWAYS_SEARCH_USER_PATHS = NO;
				CLANG_ANALYZER_NONNULL = YES;
				CLANG_ANALYZER_NUMBER_OBJECT_CONVERSION = YES_AGGRESSIVE;
				CLANG_CXX_LANGUAGE_STANDARD = "gnu++14";
				CLANG_CXX_LIBRARY = "libc++";
				CLANG_ENABLE_MODULES = YES;
				CLANG_ENABLE_OBJC_ARC = YES;
				CLANG_ENABLE_OBJC_WEAK = YES;
				CLANG_WARN_BLOCK_CAPTURE_AUTORELEASING = YES;
				CLANG_WARN_BOOL_CONVERSION = YES;
				CLANG_WARN_COMMA = YES;
				CLANG_WARN_CONSTANT_CONVERSION = YES;
				CLANG_WARN_DEPRECATED_OBJC_IMPLEMENTATIONS = YES;
				CLANG_WARN_DIRECT_OBJC_ISA_USAGE = YES_ERROR;
				CLANG_WARN_DOCUMENTATION_COMMENTS = YES;
				CLANG_WARN_EMPTY_BODY = YES;
				CLANG_WARN_ENUM_CONVERSION = YES;
				CLANG_WARN_INFINITE_RECURSION = YES;
				CLANG_WARN_INT_CONVERSION = YES;
				CLANG_WARN_NON_LITERAL_NULL_CONVERSION = YES;
				CLANG_WARN_OBJC_IMPLICIT_RETAIN_SELF = YES;
				CLANG_WARN_OBJC_LITERAL_CONVERSION = YES;
				CLANG_WARN_OBJC_ROOT_CLASS = YES_ERROR;
				CLANG_WARN_QUOTED_INCLUDE_IN_FRAMEWORK_HEADER = YES;
				CLANG_WARN_RANGE_LOOP_ANALYSIS = YES;
				CLANG_WARN_STRICT_PROTOTYPES = YES;
				CLANG_WARN_SUSPICIOUS_MOVE = YES;
				CLANG_WARN_UNGUARDED_AVAILABILITY = YES_AGGRESSIVE;
				CLANG_WARN_UNREACHABLE_CODE = YES;
				CLANG_WARN__DUPLICATE_METHOD_MATCH = YES;
				COPY_PHASE_STRIP = NO;
				DEBUG_INFORMATION_FORMAT = "dwarf-with-dsym";
				ENABLE_NS_ASSERTIONS = NO;
				ENABLE_STRICT_OBJC_MSGSEND = YES;
				GCC_C_LANGUAGE_STANDARD = gnu11;
				GCC_NO_COMMON_BLOCKS = YES;
				GCC_WARN_64_TO_32_BIT_CONVERSION = YES;
				GCC_WARN_ABOUT_RETURN_TYPE = YES_ERROR;
				GCC_WARN_UNDECLARED_SELECTOR = YES;
				GCC_WARN_UNINITIALIZED_AUTOS = YES_AGGRESSIVE;
				GCC_WARN_UNUSED_FUNCTION = YES;
				GCC_WARN_UNUSED_VARIABLE = YES;
				IPHONEOS_DEPLOYMENT_TARGET = 14.5;
				MTL_ENABLE_DEBUG_INFO = NO;
				MTL_FAST_MATH = YES;
				SDKROOT = iphoneos;
				SWIFT_COMPILATION_MODE = wholemodule;
				SWIFT_OPTIMIZATION_LEVEL = "-O";
				VALIDATE_PRODUCT = YES;
			};
			name = Release;
		};
		009EE0B026AFED6200365999 /* Debug */ = {
			isa = XCBuildConfiguration;
			buildSettings = {
				ASSETCATALOG_COMPILER_APPICON_NAME = AppIcon;
				ASSETCATALOG_COMPILER_GLOBAL_ACCENT_COLOR_NAME = AccentColor;
				CLANG_ENABLE_MODULES = YES;
				CODE_SIGN_STYLE = Automatic;
				DEVELOPMENT_TEAM = 5BVGD2SKB2;
				INFOPLIST_FILE = Test/Info.plist;
				IPHONEOS_DEPLOYMENT_TARGET = 13.0;
				LD_RUNPATH_SEARCH_PATHS = (
					"$(inherited)",
					"@executable_path/Frameworks",
				);
				PRODUCT_BUNDLE_IDENTIFIER = com.test.Test;
				PRODUCT_NAME = "$(TARGET_NAME)";
				SWIFT_OBJC_BRIDGING_HEADER = "";
				SWIFT_OPTIMIZATION_LEVEL = "-Onone";
				SWIFT_VERSION = 5.0;
				TARGETED_DEVICE_FAMILY = "1,2";
			};
			name = Debug;
		};
		009EE0B126AFED6200365999 /* Release */ = {
			isa = XCBuildConfiguration;
			buildSettings = {
				ASSETCATALOG_COMPILER_APPICON_NAME = AppIcon;
				ASSETCATALOG_COMPILER_GLOBAL_ACCENT_COLOR_NAME = AccentColor;
				CLANG_ENABLE_MODULES = YES;
				CODE_SIGN_STYLE = Automatic;
				DEVELOPMENT_TEAM = 5BVGD2SKB2;
				INFOPLIST_FILE = Test/Info.plist;
				IPHONEOS_DEPLOYMENT_TARGET = 13.0;
				LD_RUNPATH_SEARCH_PATHS = (
					"$(inherited)",
					"@executable_path/Frameworks",
				);
				PRODUCT_BUNDLE_IDENTIFIER = com.test.Test;
				PRODUCT_NAME = "$(TARGET_NAME)";
				SWIFT_OBJC_BRIDGING_HEADER = "";
				SWIFT_VERSION = 5.0;
				TARGETED_DEVICE_FAMILY = "1,2";
			};
			name = Release;
		};
		009EE0B326AFED6200365999 /* Debug */ = {
			isa = XCBuildConfiguration;
			buildSettings = {
				ALWAYS_EMBED_SWIFT_STANDARD_LIBRARIES = YES;
				BUNDLE_LOADER = "$(TEST_HOST)";
				CODE_SIGN_STYLE = Automatic;
				DEVELOPMENT_TEAM = 5BVGD2SKB2;
				INFOPLIST_FILE = TestTests/Info.plist;
				IPHONEOS_DEPLOYMENT_TARGET = 14.5;
				LD_RUNPATH_SEARCH_PATHS = (
					"$(inherited)",
					"@executable_path/Frameworks",
					"@loader_path/Frameworks",
				);
				PRODUCT_BUNDLE_IDENTIFIER = com.test.TestTests;
				PRODUCT_NAME = "$(TARGET_NAME)";
				SWIFT_VERSION = 5.0;
				TARGETED_DEVICE_FAMILY = "1,2";
				TEST_HOST = "$(BUILT_PRODUCTS_DIR)/Test.app/Test";
			};
			name = Debug;
		};
		009EE0B426AFED6200365999 /* Release */ = {
			isa = XCBuildConfiguration;
			buildSettings = {
				ALWAYS_EMBED_SWIFT_STANDARD_LIBRARIES = YES;
				BUNDLE_LOADER = "$(TEST_HOST)";
				CODE_SIGN_STYLE = Automatic;
				DEVELOPMENT_TEAM = 5BVGD2SKB2;
				INFOPLIST_FILE = TestTests/Info.plist;
				IPHONEOS_DEPLOYMENT_TARGET = 14.5;
				LD_RUNPATH_SEARCH_PATHS = (
					"$(inherited)",
					"@executable_path/Frameworks",
					"@loader_path/Frameworks",
				);
				PRODUCT_BUNDLE_IDENTIFIER = com.test.TestTests;
				PRODUCT_NAME = "$(TARGET_NAME)";
				SWIFT_VERSION = 5.0;
				TARGETED_DEVICE_FAMILY = "1,2";
				TEST_HOST = "$(BUILT_PRODUCTS_DIR)/Test.app/Test";
			};
			name = Release;
		};
		009EE0B626AFED6200365999 /* Debug */ = {
			isa = XCBuildConfiguration;
			buildSettings = {
				ALWAYS_EMBED_SWIFT_STANDARD_LIBRARIES = YES;
				CODE_SIGN_STYLE = Automatic;
				DEVELOPMENT_TEAM = 5BVGD2SKB2;
				INFOPLIST_FILE = TestUITests/Info.plist;
				LD_RUNPATH_SEARCH_PATHS = (
					"$(inherited)",
					"@executable_path/Frameworks",
					"@loader_path/Frameworks",
				);
				PRODUCT_BUNDLE_IDENTIFIER = com.test.TestUITests;
				PRODUCT_NAME = "$(TARGET_NAME)";
				SWIFT_VERSION = 5.0;
				TARGETED_DEVICE_FAMILY = "1,2";
				TEST_TARGET_NAME = Test;
			};
			name = Debug;
		};
		009EE0B726AFED6200365999 /* Release */ = {
			isa = XCBuildConfiguration;
			buildSettings = {
				ALWAYS_EMBED_SWIFT_STANDARD_LIBRARIES = YES;
				CODE_SIGN_STYLE = Automatic;
				DEVELOPMENT_TEAM = 5BVGD2SKB2;
				INFOPLIST_FILE = TestUITests/Info.plist;
				LD_RUNPATH_SEARCH_PATHS = (
					"$(inherited)",
					"@executable_path/Frameworks",
					"@loader_path/Frameworks",
				);
				PRODUCT_BUNDLE_IDENTIFIER = com.test.TestUITests;
				PRODUCT_NAME = "$(TARGET_NAME)";
				SWIFT_VERSION = 5.0;
				TARGETED_DEVICE_FAMILY = "1,2";
				TEST_TARGET_NAME = Test;
			};
			name = Release;
		};
/* End XCBuildConfiguration section */

/* Begin XCConfigurationList section */
		009EE08026AFED5F00365999 /* Build configuration list for PBXProject "Test" */ = {
			isa = XCConfigurationList;
			buildConfigurations = (
				009EE0AD26AFED6200365999 /* Debug */,
				009EE0AE26AFED6200365999 /* Release */,
			);
			defaultConfigurationIsVisible = 0;
			defaultConfigurationName = Release;
		};
		009EE0AF26AFED6200365999 /* Build configuration list for PBXNativeTarget "Test" */ = {
			isa = XCConfigurationList;
			buildConfigurations = (
				009EE0B026AFED6200365999 /* Debug */,
				009EE0B126AFED6200365999 /* Release */,
			);
			defaultConfigurationIsVisible = 0;
			defaultConfigurationName = Release;
		};
		009EE0B226AFED6200365999 /* Build configuration list for PBXNativeTarget "TestTests" */ = {
			isa = XCConfigurationList;
			buildConfigurations = (
				009EE0B326AFED6200365999 /* Debug */,
				009EE0B426AFED6200365999 /* Release */,
			);
			defaultConfigurationIsVisible = 0;
			defaultConfigurationName = Release;
		};
		009EE0B526AFED6200365999 /* Build configuration list for PBXNativeTarget "TestUITests" */ = {
			isa = XCConfigurationList;
			buildConfigurations = (
				009EE0B626AFED6200365999 /* Debug */,
				009EE0B726AFED6200365999 /* Release */,
			);
			defaultConfigurationIsVisible = 0;
			defaultConfigurationName = Release;
		};
/* End XCConfigurationList section */
	};
	rootObject = 009EE07D26AFED5F00365999 /* Project object */;
}
